
Microsoft Visual Studio Solution File, Format Version 12.00
# Visual Studio Version 16
VisualStudioVersion = 16.0.28803.202
MinimumVisualStudioVersion = 10.0.40219.1
Project("{FAE04EC0-301F-11D3-BF4B-00C04F79EFBC}") = "ISBN-CHECK.BL", "ISBN-CHECK\ISBN-CHECK.BL.csproj", "{5F7D8E5A-202B-46E2-BB8D-7CEC34EFD507}"
EndProject
Project("{9A19103F-16F7-4668-BE54-9A1E7A4F7556}") = "ISBN.tests", "Isbn.tests\ISBN.tests.csproj", "{24FBF2A2-0730-4599-9357-703A753CBCBB}"
EndProject
Project("{FAE04EC0-301F-11D3-BF4B-00C04F79EFBC}") = "ISBN-CHECK.UI", "IsbnUI\ISBN-CHECK.UI.csproj", "{79DAE42C-D76F-417B-B638-A6E7594D98C4}"
EndProject
Project("{2150E333-8FDC-42A3-9474-1A3956D46DE8}") = "tests", "tests", "{CE0D70C8-EBB7-4A9E-ABA2-73E832A3DE09}"
EndProject
Global
	GlobalSection(SolutionConfigurationPlatforms) = preSolution
		Debug|Any CPU = Debug|Any CPU
		Release|Any CPU = Release|Any CPU
	EndGlobalSection
	GlobalSection(ProjectConfigurationPlatforms) = postSolution
		{5F7D8E5A-202B-46E2-BB8D-7CEC34EFD507}.Debug|Any CPU.ActiveCfg = Debug|Any CPU
		{5F7D8E5A-202B-46E2-BB8D-7CEC34EFD507}.Debug|Any CPU.Build.0 = Debug|Any CPU
		{5F7D8E5A-202B-46E2-BB8D-7CEC34EFD507}.Release|Any CPU.ActiveCfg = Release|Any CPU
		{5F7D8E5A-202B-46E2-BB8D-7CEC34EFD507}.Release|Any CPU.Build.0 = Release|Any CPU
		{24FBF2A2-0730-4599-9357-703A753CBCBB}.Debug|Any CPU.ActiveCfg = Debug|Any CPU
		{24FBF2A2-0730-4599-9357-703A753CBCBB}.Debug|Any CPU.Build.0 = Debug|Any CPU
		{24FBF2A2-0730-4599-9357-703A753CBCBB}.Release|Any CPU.ActiveCfg = Release|Any CPU
		{24FBF2A2-0730-4599-9357-703A753CBCBB}.Release|Any CPU.Build.0 = Release|Any CPU
		{79DAE42C-D76F-417B-B638-A6E7594D98C4}.Debug|Any CPU.ActiveCfg = Debug|Any CPU
		{79DAE42C-D76F-417B-B638-A6E7594D98C4}.Debug|Any CPU.Build.0 = Debug|Any CPU
		{79DAE42C-D76F-417B-B638-A6E7594D98C4}.Release|Any CPU.ActiveCfg = Release|Any CPU
		{79DAE42C-D76F-417B-B638-A6E7594D98C4}.Release|Any CPU.Build.0 = Release|Any CPU
	EndGlobalSection
	GlobalSection(SolutionProperties) = preSolution
		HideSolutionNode = FALSE
	EndGlobalSection
	GlobalSection(NestedProjects) = preSolution
		{24FBF2A2-0730-4599-9357-703A753CBCBB} = {CE0D70C8-EBB7-4A9E-ABA2-73E832A3DE09}
	EndGlobalSection
	GlobalSection(ExtensibilityGlobals) = postSolution
		SolutionGuid = {FB686961-6548-4CEC-BD9F-957E58EC28A3}
	EndGlobalSection
EndGlobal
